{
  "name": "ping-ss",
  "version": "1.0.0",
  "lockfileVersion": 2,
  "requires": true,
  "packages": {
    "": {
      "version": "1.0.0",
      "license": "ISC",
      "dependencies": {
        "ping": "^0.4.0"
      }
    },
    "node_modules/ping": {
      "version": "0.4.0",
      "resolved": "https://registry.npm.taobao.org/ping/download/ping-0.4.0.tgz",
      "integrity": "sha1-LzgtIUPeWWcaM8CCq6soyFOylxU=",
      "dependencies": {
        "q": "1.x",
        "underscore": "^1.12.0"
      },
      "engines": {
        "node": ">=4.0.0"
      }
    },
    "node_modules/q": {
      "version": "1.5.1",
      "resolved": "https://registry.npm.taobao.org/q/download/q-1.5.1.tgz",
      "integrity": "sha1-fjL3W0E4EpHQRhHxvxQQmsAGUdc=",
      "engines": {
        "node": ">=0.6.0",
        "teleport": ">=0.2.0"
      }
    },
    "node_modules/underscore": {
      "version": "1.12.1",
      "resolved": "https://registry.npm.taobao.org/underscore/download/underscore-1.12.1.tgz?cache=0&sync_timestamp=1615982204713&other_urls=https%3A%2F%2Fregistry.npm.taobao.org%2Funderscore%2Fdownload%2Funderscore-1.12.1.tgz",
      "integrity": "sha1-e7jMmz05fiAc+FUzNtJiVE6tgp4="
    }
  },
  "dependencies": {
    "ping": {
      "version": "0.4.0",
      "resolved": "https://registry.npm.taobao.org/ping/download/ping-0.4.0.tgz",
      "integrity": "sha1-LzgtIUPeWWcaM8CCq6soyFOylxU=",
      "requires": {
        "q": "1.x",
        "underscore": "^1.12.0"
      }
    },
    "q": {
      "version": "1.5.1",
      "resolved": "https://registry.npm.taobao.org/q/download/q-1.5.1.tgz",
      "integrity": "sha1-fjL3W0E4EpHQRhHxvxQQmsAGUdc="
    },
    "underscore": {
      "version": "1.12.1",
      "resolved": "https://registry.npm.taobao.org/underscore/download/underscore-1.12.1.tgz?cache=0&sync_timestamp=1615982204713&other_urls=https%3A%2F%2Fregistry.npm.taobao.org%2Funderscore%2Fdownload%2Funderscore-1.12.1.tgz",
      "integrity": "sha1-e7jMmz05fiAc+FUzNtJiVE6tgp4="
    }
  }
}
